<?xml version="1.0" encoding="UTF-8" standalone="yes" ?>
<CodeBlocks_project_file>
	<FileVersion major="1" minor="6" />
	<Project>
		<Option title="prepi" />
		<Option pch_mode="2" />
		<Option compiler="gcc" />
		<Build>
			<Target title="Debug">
				<Option output="bin/prepi_d" prefix_auto="1" extension_auto="1" />
				<Option working_dir="bin/" />
				<Option object_output="obj/Debug/" />
				<Option type="1" />
				<Option compiler="gcc" />
				<Compiler>
					<Add option="-g" />
				</Compiler>
				<Linker>
					<Add library="box2d_d" />
					<Add library="sfml-audio-d" />
					<Add library="sfml-system-d" />
					<Add library="user32" />
					<Add library="gdi32" />
					<Add library="winmm" />
					<Add library="gglib_d" />
				</Linker>
			</Target>
			<Target title="Release">
				<Option output="bin/prepi" prefix_auto="1" extension_auto="1" />
				<Option working_dir="bin/" />
				<Option object_output="obj/Release/" />
				<Option type="1" />
				<Option compiler="gcc" />
				<Compiler>
					<Add option="-O2" />
				</Compiler>
				<Linker>
					<Add option="-s" />
					<Add library="box2d" />
					<Add library="sfml-audio" />
					<Add library="sfml-system" />
					<Add library="user32" />
					<Add library="gdi32" />
					<Add library="winmm" />
					<Add library="gglib" />
				</Linker>
			</Target>
		</Build>
		<Compiler>
			<Add option="-std=c++11" />
			<Add option="-Wall" />
			<Add option="-fexceptions" />
			<Add directory="include" />
			<Add directory="src" />
		</Compiler>
		<Linker>
			<Add library="irrlicht" />
			<Add library="mingw32" />
			<Add library="tthread" />
			<Add directory="lib" />
		</Linker>
		<Unit filename="src/Collision.cpp" />
		<Unit filename="src/Collision.h" />
		<Unit filename="src/EventListener.cpp" />
		<Unit filename="src/EventListener.h" />
		<Unit filename="src/GUI.cpp" />
		<Unit filename="src/GUI.h" />
		<Unit filename="src/Globals.cpp" />
		<Unit filename="src/Globals.h" />
		<Unit filename="src/Parser.cpp" />
		<Unit filename="src/Parser.h" />
		<Unit filename="src/Shape.cpp" />
		<Unit filename="src/Shape.h" />
		<Unit filename="src/Timer.cpp" />
		<Unit filename="src/Timer.h" />
		<Unit filename="src/behaviors/Behavior.cpp" />
		<Unit filename="src/behaviors/Behavior.h" />
		<Unit filename="src/behaviors/ExplosiveBehavior.cpp" />
		<Unit filename="src/behaviors/ExplosiveBehavior.h" />
		<Unit filename="src/behaviors/ResizerBehavior.cpp" />
		<Unit filename="src/behaviors/ResizerBehavior.h" />
		<Unit filename="src/behaviors/TeleportBehavior.cpp" />
		<Unit filename="src/behaviors/TeleportBehavior.h" />
		<Unit filename="src/behaviors/UnstableBehavior.cpp" />
		<Unit filename="src/behaviors/UnstableBehavior.h" />
		<Unit filename="src/effects/AppearEffect.cpp" />
		<Unit filename="src/effects/AppearEffect.h" />
		<Unit filename="src/effects/DamageEffect.cpp" />
		<Unit filename="src/effects/DamageEffect.h" />
		<Unit filename="src/effects/DelayEffect.cpp" />
		<Unit filename="src/effects/DelayEffect.h" />
		<Unit filename="src/effects/DisappearEffect.cpp" />
		<Unit filename="src/effects/DisappearEffect.h" />
		<Unit filename="src/effects/EffectManager.cpp" />
		<Unit filename="src/effects/EffectManager.h" />
		<Unit filename="src/effects/ElementEffect.cpp" />
		<Unit filename="src/effects/ElementEffect.h" />
		<Unit filename="src/effects/ExplosionEffect.cpp" />
		<Unit filename="src/effects/ExplosionEffect.h" />
		<Unit filename="src/effects/MoveElementEffect.cpp" />
		<Unit filename="src/effects/MoveElementEffect.h" />
		<Unit filename="src/elements/Element.cpp" />
		<Unit filename="src/elements/Element.h" />
		<Unit filename="src/elements/EnemyElement.cpp" />
		<Unit filename="src/elements/EnemyElement.h" />
		<Unit filename="src/elements/FinishElement.cpp" />
		<Unit filename="src/elements/FinishElement.h" />
		<Unit filename="src/elements/GroundElement.cpp" />
		<Unit filename="src/elements/GroundElement.h" />
		<Unit filename="src/elements/ParticleElement.cpp" />
		<Unit filename="src/elements/ParticleElement.h" />
		<Unit filename="src/elements/PlayerElement.cpp" />
		<Unit filename="src/elements/PlayerElement.h" />
		<Unit filename="src/elements/RewardElement.cpp" />
		<Unit filename="src/elements/RewardElement.h" />
		<Unit filename="src/level/Background.cpp" />
		<Unit filename="src/level/Background.h" />
		<Unit filename="src/level/Level.cpp" />
		<Unit filename="src/level/Level.h" />
		<Unit filename="src/level/LevelGenerator.cpp" />
		<Unit filename="src/level/LevelGenerator.h" />
		<Unit filename="src/level/TileSet.cpp" />
		<Unit filename="src/level/TileSet.h" />
		<Unit filename="src/main.cpp" />
		<Unit filename="src/motions/ActiveMotion.cpp" />
		<Unit filename="src/motions/ActiveMotion.h" />
		<Unit filename="src/motions/AutoMotion.cpp" />
		<Unit filename="src/motions/AutoMotion.h" />
		<Unit filename="src/motions/CircularMotion.cpp" />
		<Unit filename="src/motions/CircularMotion.h" />
		<Unit filename="src/motions/Motion.cpp" />
		<Unit filename="src/motions/Motion.h" />
		<Unit filename="src/motions/StraightMotion.cpp" />
		<Unit filename="src/motions/StraightMotion.h" />
		<Unit filename="src/simplex.cpp" />
		<Unit filename="src/simplex.h" />
		<Extensions>
			<code_completion />
			<envvars />
			<debugger />
			<lib_finder disable_auto="1" />
		</Extensions>
	</Project>
</CodeBlocks_project_file>
