<?xml version="1.0" encoding="UTF-8" standalone="yes" ?>
<CodeBlocks_project_file>
	<FileVersion major="1" minor="6" />
	<Project>
		<Option title="prepi" />
		<Option pch_mode="2" />
		<Option compiler="gcc" />
		<Build>
			<Target title="Debug">
				<Option output="bin/prepi_d" prefix_auto="1" extension_auto="1" />
				<Option working_dir="bin/" />
				<Option object_output="obj/Debug/" />
				<Option type="1" />
				<Option compiler="gcc" />
				<Compiler>
					<Add option="-g" />
				</Compiler>
				<Linker>
					<Add library="box2d_d" />
					<Add library="sfml-audio-d" />
					<Add library="sfml-system-d" />
					<Add library="user32" />
					<Add library="gdi32" />
					<Add library="winmm" />
					<Add library="gglib_d" />
				</Linker>
			</Target>
			<Target title="Release">
				<Option output="bin/prepi" prefix_auto="1" extension_auto="1" />
				<Option working_dir="bin/" />
				<Option object_output="obj/Release/" />
				<Option type="1" />
				<Option compiler="gcc" />
				<Compiler>
					<Add option="-O2" />
				</Compiler>
				<Linker>
					<Add option="-s" />
					<Add library="box2d" />
					<Add library="sfml-audio" />
					<Add library="sfml-system" />
					<Add library="user32" />
					<Add library="gdi32" />
					<Add library="winmm" />
					<Add library="gglib" />
				</Linker>
			</Target>
		</Build>
		<Compiler>
			<Add option="-std=c++11" />
			<Add option="-Wall" />
			<Add option="-fexceptions" />
			<Add directory="include" />
			<Add directory="src" />
		</Compiler>
		<Linker>
			<Add library="irrlicht" />
			<Add library="mingw32" />
			<Add library="tthread" />
			<Add directory="lib" />
		</Linker>
		<Unit filename="src/ActiveMotion.cpp" />
		<Unit filename="src/ActiveMotion.h" />
		<Unit filename="src/AutoMotion.cpp" />
		<Unit filename="src/AutoMotion.h" />
		<Unit filename="src/Background.cpp" />
		<Unit filename="src/Background.h" />
		<Unit filename="src/Behavior.cpp" />
		<Unit filename="src/Behavior.h" />
		<Unit filename="src/CircularMotion.cpp" />
		<Unit filename="src/CircularMotion.h" />
		<Unit filename="src/Collision.cpp" />
		<Unit filename="src/Collision.h" />
		<Unit filename="src/Element.cpp" />
		<Unit filename="src/Element.h" />
		<Unit filename="src/EnemyElement.cpp" />
		<Unit filename="src/EnemyElement.h" />
		<Unit filename="src/EventListener.cpp" />
		<Unit filename="src/EventListener.h" />
		<Unit filename="src/FinishElement.cpp" />
		<Unit filename="src/FinishElement.h" />
		<Unit filename="src/GUI.cpp" />
		<Unit filename="src/GUI.h" />
		<Unit filename="src/Globals.cpp" />
		<Unit filename="src/Globals.h" />
		<Unit filename="src/GroundElement.cpp" />
		<Unit filename="src/GroundElement.h" />
		<Unit filename="src/Level.cpp" />
		<Unit filename="src/Level.h" />
		<Unit filename="src/LevelGenerator.cpp" />
		<Unit filename="src/LevelGenerator.h" />
		<Unit filename="src/Motion.cpp" />
		<Unit filename="src/Motion.h" />
		<Unit filename="src/Parser.cpp" />
		<Unit filename="src/Parser.h" />
		<Unit filename="src/ParticleElement.cpp" />
		<Unit filename="src/ParticleElement.h" />
		<Unit filename="src/PlayerElement.cpp" />
		<Unit filename="src/PlayerElement.h" />
		<Unit filename="src/RewardElement.cpp" />
		<Unit filename="src/RewardElement.h" />
		<Unit filename="src/Shape.cpp" />
		<Unit filename="src/Shape.h" />
		<Unit filename="src/StraightMotion.cpp" />
		<Unit filename="src/StraightMotion.h" />
		<Unit filename="src/TileSet.cpp" />
		<Unit filename="src/TileSet.h" />
		<Unit filename="src/Timer.cpp" />
		<Unit filename="src/Timer.h" />
		<Unit filename="src/UnstableBehavior.cpp" />
		<Unit filename="src/UnstableBehavior.h" />
		<Unit filename="src/main.cpp" />
		<Unit filename="src/simplex.cpp" />
		<Unit filename="src/simplex.h" />
		<Extensions>
			<code_completion />
			<envvars />
			<debugger />
			<lib_finder disable_auto="1" />
		</Extensions>
	</Project>
</CodeBlocks_project_file>
